{
  "name": "bot-reality-tech-izakaya",
  "lockfileVersion": 3,
  "requires": true,
  "packages": {
    "": {
      "devDependencies": {
        "@types/google-apps-script": "^2.0.4",
        "typescript": "^5.9.2"
      }
    },
    "node_modules/@types/google-apps-script": {
      "version": "2.0.4",
      "resolved": "https://registry.npmjs.org/@types/google-apps-script/-/google-apps-script-2.0.4.tgz",
      "integrity": "sha512-Ra6vduULsar+WU2cn1h2TQoEXh45ty8jjjrdPqO4f/S8lbR75mYDI+5zjhZF7u2y2X3oB1qPqkSQBy7T7vdsnA==",
      "dev": true,
      "license": "MIT"
    },
    "node_modules/typescript": {
      "version": "5.9.2",
      "resolved": "https://registry.npmjs.org/typescript/-/typescript-5.9.2.tgz",
      "integrity": "sha512-CWBzXQrc/qOkhidw1OzBTQuYRbfyxDXJMVJ1XNwUHGROVmuaeiEm3OslpZ1RV96d7SKKjZKrSJu3+t/xlw3R9A==",
      "dev": true,
      "license": "Apache-2.0",
      "bin": {
        "tsc": "bin/tsc",
        "tsserver": "bin/tsserver"
      },
      "engines": {
        "node": ">=14.17"
      }
    }
  }
}
